// !$*UTF8*$!
{
	archiveVersion = 1;
	classes = {
	};
	objectVersion = 56;
	objects = {

/* Begin PBXBuildFile section */
		0E937FE72A812CD90015DA19 /* AppDelegate.swift in Sources */ = {isa = PBXBuildFile; fileRef = 0E937FE62A812CD90015DA19 /* AppDelegate.swift */; };
		0E937FE92A812CD90015DA19 /* SceneDelegate.swift in Sources */ = {isa = PBXBuildFile; fileRef = 0E937FE82A812CD90015DA19 /* SceneDelegate.swift */; };
		0E937FEB2A812CD90015DA19 /* ViewController.swift in Sources */ = {isa = PBXBuildFile; fileRef = 0E937FEA2A812CD90015DA19 /* ViewController.swift */; };
		0E937FEE2A812CD90015DA19 /* Main.storyboard in Resources */ = {isa = PBXBuildFile; fileRef = 0E937FEC2A812CD90015DA19 /* Main.storyboard */; };
		0E937FF02A812CDA0015DA19 /* Assets.xcassets in Resources */ = {isa = PBXBuildFile; fileRef = 0E937FEF2A812CDA0015DA19 /* Assets.xcassets */; };
		0E937FF32A812CDA0015DA19 /* LaunchScreen.storyboard in Resources */ = {isa = PBXBuildFile; fileRef = 0E937FF12A812CDA0015DA19 /* LaunchScreen.storyboard */; };
		0E937FFB2A812DDF0015DA19 /* GoogleService-Info.plist in Resources */ = {isa = PBXBuildFile; fileRef = 0E937FFA2A812DDF0015DA19 /* GoogleService-Info.plist */; };
		50913858E90865C4DF828C5F /* Pods_QuanLyChiTieu.framework in Frameworks */ = {isa = PBXBuildFile; fileRef = 9453715F81AFF7521597847D /* Pods_QuanLyChiTieu.framework */; };
/* End PBXBuildFile section */

/* Begin PBXFileReference section */
		0E937FE32A812CD90015DA19 /* QuanLyChiTieu.app */ = {isa = PBXFileReference; explicitFileType = wrapper.application; includeInIndex = 0; path = QuanLyChiTieu.app; sourceTree = BUILT_PRODUCTS_DIR; };
		0E937FE62A812CD90015DA19 /* AppDelegate.swift */ = {isa = PBXFileReference; lastKnownFileType = sourcecode.swift; path = AppDelegate.swift; sourceTree = "<group>"; };
		0E937FE82A812CD90015DA19 /* SceneDelegate.swift */ = {isa = PBXFileReference; lastKnownFileType = sourcecode.swift; path = SceneDelegate.swift; sourceTree = "<group>"; };
		0E937FEA2A812CD90015DA19 /* ViewController.swift */ = {isa = PBXFileReference; lastKnownFileType = sourcecode.swift; path = ViewController.swift; sourceTree = "<group>"; };
		0E937FED2A812CD90015DA19 /* Base */ = {isa = PBXFileReference; lastKnownFileType = file.storyboard; name = Base; path = Base.lproj/Main.storyboard; sourceTree = "<group>"; };
		0E937FEF2A812CDA0015DA19 /* Assets.xcassets */ = {isa = PBXFileReference; lastKnownFileType = folder.assetcatalog; path = Assets.xcassets; sourceTree = "<group>"; };
		0E937FF22A812CDA0015DA19 /* Base */ = {isa = PBXFileReference; lastKnownFileType = file.storyboard; name = Base; path = Base.lproj/LaunchScreen.storyboard; sourceTree = "<group>"; };
		0E937FF42A812CDA0015DA19 /* Info.plist */ = {isa = PBXFileReference; lastKnownFileType = text.plist.xml; path = Info.plist; sourceTree = "<group>"; };
		0E937FFA2A812DDF0015DA19 /* GoogleService-Info.plist */ = {isa = PBXFileReference; fileEncoding = 4; lastKnownFileType = text.plist.xml; path = "GoogleService-Info.plist"; sourceTree = "<group>"; };
		5FEFE2E89147EE007EA49486 /* Pods-QuanLyChiTieu.debug.xcconfig */ = {isa = PBXFileReference; includeInIndex = 1; lastKnownFileType = text.xcconfig; name = "Pods-QuanLyChiTieu.debug.xcconfig"; path = "Target Support Files/Pods-QuanLyChiTieu/Pods-QuanLyChiTieu.debug.xcconfig"; sourceTree = "<group>"; };
		686F5363FA77E0A6E9E8307C /* Pods-QuanLyChiTieu.release.xcconfig */ = {isa = PBXFileReference; includeInIndex = 1; lastKnownFileType = text.xcconfig; name = "Pods-QuanLyChiTieu.release.xcconfig"; path = "Target Support Files/Pods-QuanLyChiTieu/Pods-QuanLyChiTieu.release.xcconfig"; sourceTree = "<group>"; };
		9453715F81AFF7521597847D /* Pods_QuanLyChiTieu.framework */ = {isa = PBXFileReference; explicitFileType = wrapper.framework; includeInIndex = 0; path = Pods_QuanLyChiTieu.framework; sourceTree = BUILT_PRODUCTS_DIR; };
/* End PBXFileReference section */

/* Begin PBXFrameworksBuildPhase section */
		0E937FE02A812CD90015DA19 /* Frameworks */ = {
			isa = PBXFrameworksBuildPhase;
			buildActionMask = 2147483647;
			files = (
				50913858E90865C4DF828C5F /* Pods_QuanLyChiTieu.framework in Frameworks */,
			);
			runOnlyForDeploymentPostprocessing = 0;
		};
/* End PBXFrameworksBuildPhase section */

/* Begin PBXGroup section */
		0E937FDA2A812CD90015DA19 = {
			isa = PBXGroup;
			children = (
				0E937FE52A812CD90015DA19 /* QuanLyChiTieu */,
				0E937FE42A812CD90015DA19 /* Products */,
				CFCB3FCB21366FB7918A46EE /* Pods */,
				7A3D6197D8B68E97B359A06F /* Frameworks */,
			);
			sourceTree = "<group>";
		};
		0E937FE42A812CD90015DA19 /* Products */ = {
			isa = PBXGroup;
			children = (
				0E937FE32A812CD90015DA19 /* QuanLyChiTieu.app */,
			);
			name = Products;
			sourceTree = "<group>";
		};
		0E937FE52A812CD90015DA19 /* QuanLyChiTieu */ = {
			isa = PBXGroup;
			children = (
				0E937FE62A812CD90015DA19 /* AppDelegate.swift */,
				0E937FE82A812CD90015DA19 /* SceneDelegate.swift */,
				0E937FEA2A812CD90015DA19 /* ViewController.swift */,
				0E937FEC2A812CD90015DA19 /* Main.storyboard */,
				0E937FEF2A812CDA0015DA19 /* Assets.xcassets */,
				0E937FF12A812CDA0015DA19 /* LaunchScreen.storyboard */,
				0E937FF42A812CDA0015DA19 /* Info.plist */,
				0E937FFA2A812DDF0015DA19 /* GoogleService-Info.plist */,
			);
			path = QuanLyChiTieu;
			sourceTree = "<group>";
		};
		7A3D6197D8B68E97B359A06F /* Frameworks */ = {
			isa = PBXGroup;
			children = (
				9453715F81AFF7521597847D /* Pods_QuanLyChiTieu.framework */,
			);
			name = Frameworks;
			sourceTree = "<group>";
		};
		CFCB3FCB21366FB7918A46EE /* Pods */ = {
			isa = PBXGroup;
			children = (
				5FEFE2E89147EE007EA49486 /* Pods-QuanLyChiTieu.debug.xcconfig */,
				686F5363FA77E0A6E9E8307C /* Pods-QuanLyChiTieu.release.xcconfig */,
			);
			path = Pods;
			sourceTree = "<group>";
		};
/* End PBXGroup section */

/* Begin PBXNativeTarget section */
		0E937FE22A812CD90015DA19 /* QuanLyChiTieu */ = {
			isa = PBXNativeTarget;
			buildConfigurationList = 0E937FF72A812CDA0015DA19 /* Build configuration list for PBXNativeTarget "QuanLyChiTieu" */;
			buildPhases = (
				694F84CA2C08A22E5B52AFC2 /* [CP] Check Pods Manifest.lock */,
				0E937FDF2A812CD90015DA19 /* Sources */,
				0E937FE02A812CD90015DA19 /* Frameworks */,
				0E937FE12A812CD90015DA19 /* Resources */,
				FCDEA7DD5A76621300B04842 /* [CP] Embed Pods Frameworks */,
			);
			buildRules = (
			);
			dependencies = (
			);
			name = QuanLyChiTieu;
			productName = QuanLyChiTieu;
			productReference = 0E937FE32A812CD90015DA19 /* QuanLyChiTieu.app */;
			productType = "com.apple.product-type.application";
		};
/* End PBXNativeTarget section */

/* Begin PBXProject section */
		0E937FDB2A812CD90015DA19 /* Project object */ = {
			isa = PBXProject;
			attributes = {
				BuildIndependentTargetsInParallel = 1;
				LastSwiftUpdateCheck = 1430;
				LastUpgradeCheck = 1430;
				TargetAttributes = {
					0E937FE22A812CD90015DA19 = {
						CreatedOnToolsVersion = 14.3.1;
					};
				};
			};
			buildConfigurationList = 0E937FDE2A812CD90015DA19 /* Build configuration list for PBXProject "QuanLyChiTieu" */;
			compatibilityVersion = "Xcode 14.0";
			developmentRegion = en;
			hasScannedForEncodings = 0;
			knownRegions = (
				en,
				Base,
			);
			mainGroup = 0E937FDA2A812CD90015DA19;
			productRefGroup = 0E937FE42A812CD90015DA19 /* Products */;
			projectDirPath = "";
			projectRoot = "";
			targets = (
				0E937FE22A812CD90015DA19 /* QuanLyChiTieu */,
			);
		};
/* End PBXProject section */

/* Begin PBXResourcesBuildPhase section */
		0E937FE12A812CD90015DA19 /* Resources */ = {
			isa = PBXResourcesBuildPhase;
			buildActionMask = 2147483647;
			files = (
				0E937FF32A812CDA0015DA19 /* LaunchScreen.storyboard in Resources */,
				0E937FFB2A812DDF0015DA19 /* GoogleService-Info.plist in Resources */,
				0E937FF02A812CDA0015DA19 /* Assets.xcassets in Resources */,
				0E937FEE2A812CD90015DA19 /* Main.storyboard in Resources */,
			);
			runOnlyForDeploymentPostprocessing = 0;
		};
/* End PBXResourcesBuildPhase section */

/* Begin PBXShellScriptBuildPhase section */
		694F84CA2C08A22E5B52AFC2 /* [CP] Check Pods Manifest.lock */ = {
			isa = PBXShellScriptBuildPhase;
			buildActionMask = 2147483647;
			files = (
			);
			inputFileListPaths = (
			);
			inputPaths = (
				"${PODS_PODFILE_DIR_PATH}/Podfile.lock",
				"${PODS_ROOT}/Manifest.lock",
			);
			name = "[CP] Check Pods Manifest.lock";
			outputFileListPaths = (
			);
			outputPaths = (
				"$(DERIVED_FILE_DIR)/Pods-QuanLyChiTieu-checkManifestLockResult.txt",
			);
			runOnlyForDeploymentPostprocessing = 0;
			shellPath = /bin/sh;
			shellScript = "diff \"${PODS_PODFILE_DIR_PATH}/Podfile.lock\" \"${PODS_ROOT}/Manifest.lock\" > /dev/null\nif [ $? != 0 ] ; then\n    # print error to STDERR\n    echo \"error: The sandbox is not in sync with the Podfile.lock. Run 'pod install' or update your CocoaPods installation.\" >&2\n    exit 1\nfi\n# This output is used by Xcode 'outputs' to avoid re-running this script phase.\necho \"SUCCESS\" > \"${SCRIPT_OUTPUT_FILE_0}\"\n";
			showEnvVarsInLog = 0;
		};
		FCDEA7DD5A76621300B04842 /* [CP] Embed Pods Frameworks */ = {
			isa = PBXShellScriptBuildPhase;
			buildActionMask = 2147483647;
			files = (
			);
			inputFileListPaths = (
				"${PODS_ROOT}/Target Support Files/Pods-QuanLyChiTieu/Pods-QuanLyChiTieu-frameworks-${CONFIGURATION}-input-files.xcfilelist",
			);
			name = "[CP] Embed Pods Frameworks";
			outputFileListPaths = (
				"${PODS_ROOT}/Target Support Files/Pods-QuanLyChiTieu/Pods-QuanLyChiTieu-frameworks-${CONFIGURATION}-output-files.xcfilelist",
			);
			runOnlyForDeploymentPostprocessing = 0;
			shellPath = /bin/sh;
			shellScript = "\"${PODS_ROOT}/Target Support Files/Pods-QuanLyChiTieu/Pods-QuanLyChiTieu-frameworks.sh\"\n";
			showEnvVarsInLog = 0;
		};
/* End PBXShellScriptBuildPhase section */

/* Begin PBXSourcesBuildPhase section */
		0E937FDF2A812CD90015DA19 /* Sources */ = {
			isa = PBXSourcesBuildPhase;
			buildActionMask = 2147483647;
			files = (
				0E937FEB2A812CD90015DA19 /* ViewController.swift in Sources */,
				0E937FE72A812CD90015DA19 /* AppDelegate.swift in Sources */,
				0E937FE92A812CD90015DA19 /* SceneDelegate.swift in Sources */,
			);
			runOnlyForDeploymentPostprocessing = 0;
		};
/* End PBXSourcesBuildPhase section */

/* Begin PBXVariantGroup section */
		0E937FEC2A812CD90015DA19 /* Main.storyboard */ = {
			isa = PBXVariantGroup;
			children = (
				0E937FED2A812CD90015DA19 /* Base */,
			);
			name = Main.storyboard;
			sourceTree = "<group>";
		};
		0E937FF12A812CDA0015DA19 /* LaunchScreen.storyboard */ = {
			isa = PBXVariantGroup;
			children = (
				0E937FF22A812CDA0015DA19 /* Base */,
			);
			name = LaunchScreen.storyboard;
			sourceTree = "<group>";
		};
/* End PBXVariantGroup section */

/* Begin XCBuildConfiguration section */
		0E937FF52A812CDA0015DA19 /* Debug */ = {
			isa = XCBuildConfiguration;
			buildSettings = {
				ALWAYS_SEARCH_USER_PATHS = NO;
				CLANG_ANALYZER_NONNULL = YES;
				CLANG_ANALYZER_NUMBER_OBJECT_CONVERSION = YES_AGGRESSIVE;
				CLANG_CXX_LANGUAGE_STANDARD = "gnu++20";
				CLANG_ENABLE_MODULES = YES;
				CLANG_ENABLE_OBJC_ARC = YES;
				CLANG_ENABLE_OBJC_WEAK = YES;
				CLANG_WARN_BLOCK_CAPTURE_AUTORELEASING = YES;
				CLANG_WARN_BOOL_CONVERSION = YES;
				CLANG_WARN_COMMA = YES;
				CLANG_WARN_CONSTANT_CONVERSION = YES;
				CLANG_WARN_DEPRECATED_OBJC_IMPLEMENTATIONS = YES;
				CLANG_WARN_DIRECT_OBJC_ISA_USAGE = YES_ERROR;
				CLANG_WARN_DOCUMENTATION_COMMENTS = YES;
				CLANG_WARN_EMPTY_BODY = YES;
				CLANG_WARN_ENUM_CONVERSION = YES;
				CLANG_WARN_INFINITE_RECURSION = YES;
				CLANG_WARN_INT_CONVERSION = YES;
				CLANG_WARN_NON_LITERAL_NULL_CONVERSION = YES;
				CLANG_WARN_OBJC_IMPLICIT_RETAIN_SELF = YES;
				CLANG_WARN_OBJC_LITERAL_CONVERSION = YES;
				CLANG_WARN_OBJC_ROOT_CLASS = YES_ERROR;
				CLANG_WARN_QUOTED_INCLUDE_IN_FRAMEWORK_HEADER = YES;
				CLANG_WARN_RANGE_LOOP_ANALYSIS = YES;
				CLANG_WARN_STRICT_PROTOTYPES = YES;
				CLANG_WARN_SUSPICIOUS_MOVE = YES;
				CLANG_WARN_UNGUARDED_AVAILABILITY = YES_AGGRESSIVE;
				CLANG_WARN_UNREACHABLE_CODE = YES;
				CLANG_WARN__DUPLICATE_METHOD_MATCH = YES;
				COPY_PHASE_STRIP = NO;
				DEBUG_INFORMATION_FORMAT = dwarf;
				ENABLE_STRICT_OBJC_MSGSEND = YES;
				ENABLE_TESTABILITY = YES;
				GCC_C_LANGUAGE_STANDARD = gnu11;
				GCC_DYNAMIC_NO_PIC = NO;
				GCC_NO_COMMON_BLOCKS = YES;
				GCC_OPTIMIZATION_LEVEL = 0;
				GCC_PREPROCESSOR_DEFINITIONS = (
					"DEBUG=1",
					"$(inherited)",
				);
				GCC_WARN_64_TO_32_BIT_CONVERSION = YES;
				GCC_WARN_ABOUT_RETURN_TYPE = YES_ERROR;
				GCC_WARN_UNDECLARED_SELECTOR = YES;
				GCC_WARN_UNINITIALIZED_AUTOS = YES_AGGRESSIVE;
				GCC_WARN_UNUSED_FUNCTION = YES;
				GCC_WARN_UNUSED_VARIABLE = YES;
				IPHONEOS_DEPLOYMENT_TARGET = 16.4;
				MTL_ENABLE_DEBUG_INFO = INCLUDE_SOURCE;
				MTL_FAST_MATH = YES;
				ONLY_ACTIVE_ARCH = YES;
				SDKROOT = iphoneos;
				SWIFT_ACTIVE_COMPILATION_CONDITIONS = DEBUG;
				SWIFT_OPTIMIZATION_LEVEL = "-Onone";
			};
			name = Debug;
		};
		0E937FF62A812CDA0015DA19 /* Release */ = {
			isa = XCBuildConfiguration;
			buildSettings = {
				ALWAYS_SEARCH_USER_PATHS = NO;
				CLANG_ANALYZER_NONNULL = YES;
				CLANG_ANALYZER_NUMBER_OBJECT_CONVERSION = YES_AGGRESSIVE;
				CLANG_CXX_LANGUAGE_STANDARD = "gnu++20";
				CLANG_ENABLE_MODULES = YES;
				CLANG_ENABLE_OBJC_ARC = YES;
				CLANG_ENABLE_OBJC_WEAK = YES;
				CLANG_WARN_BLOCK_CAPTURE_AUTORELEASING = YES;
				CLANG_WARN_BOOL_CONVERSION = YES;
				CLANG_WARN_COMMA = YES;
				CLANG_WARN_CONSTANT_CONVERSION = YES;
				CLANG_WARN_DEPRECATED_OBJC_IMPLEMENTATIONS = YES;
				CLANG_WARN_DIRECT_OBJC_ISA_USAGE = YES_ERROR;
				CLANG_WARN_DOCUMENTATION_COMMENTS = YES;
				CLANG_WARN_EMPTY_BODY = YES;
				CLANG_WARN_ENUM_CONVERSION = YES;
				CLANG_WARN_INFINITE_RECURSION = YES;
				CLANG_WARN_INT_CONVERSION = YES;
				CLANG_WARN_NON_LITERAL_NULL_CONVERSION = YES;
				CLANG_WARN_OBJC_IMPLICIT_RETAIN_SELF = YES;
				CLANG_WARN_OBJC_LITERAL_CONVERSION = YES;
				CLANG_WARN_OBJC_ROOT_CLASS = YES_ERROR;
				CLANG_WARN_QUOTED_INCLUDE_IN_FRAMEWORK_HEADER = YES;
				CLANG_WARN_RANGE_LOOP_ANALYSIS = YES;
				CLANG_WARN_STRICT_PROTOTYPES = YES;
				CLANG_WARN_SUSPICIOUS_MOVE = YES;
				CLANG_WARN_UNGUARDED_AVAILABILITY = YES_AGGRESSIVE;
				CLANG_WARN_UNREACHABLE_CODE = YES;
				CLANG_WARN__DUPLICATE_METHOD_MATCH = YES;
				COPY_PHASE_STRIP = NO;
				DEBUG_INFORMATION_FORMAT = "dwarf-with-dsym";
				ENABLE_NS_ASSERTIONS = NO;
				ENABLE_STRICT_OBJC_MSGSEND = YES;
				GCC_C_LANGUAGE_STANDARD = gnu11;
				GCC_NO_COMMON_BLOCKS = YES;
				GCC_WARN_64_TO_32_BIT_CONVERSION = YES;
				GCC_WARN_ABOUT_RETURN_TYPE = YES_ERROR;
				GCC_WARN_UNDECLARED_SELECTOR = YES;
				GCC_WARN_UNINITIALIZED_AUTOS = YES_AGGRESSIVE;
				GCC_WARN_UNUSED_FUNCTION = YES;
				GCC_WARN_UNUSED_VARIABLE = YES;
				IPHONEOS_DEPLOYMENT_TARGET = 16.4;
				MTL_ENABLE_DEBUG_INFO = NO;
				MTL_FAST_MATH = YES;
				SDKROOT = iphoneos;
				SWIFT_COMPILATION_MODE = wholemodule;
				SWIFT_OPTIMIZATION_LEVEL = "-O";
				VALIDATE_PRODUCT = YES;
			};
			name = Release;
		};
		0E937FF82A812CDA0015DA19 /* Debug */ = {
			isa = XCBuildConfiguration;
			baseConfigurationReference = 5FEFE2E89147EE007EA49486 /* Pods-QuanLyChiTieu.debug.xcconfig */;
			buildSettings = {
				ASSETCATALOG_COMPILER_APPICON_NAME = AppIcon;
				ASSETCATALOG_COMPILER_GLOBAL_ACCENT_COLOR_NAME = AccentColor;
				CODE_SIGN_STYLE = Automatic;
				CURRENT_PROJECT_VERSION = 1;
				DEVELOPMENT_TEAM = P82L6D3NV5;
				GENERATE_INFOPLIST_FILE = YES;
				INFOPLIST_FILE = QuanLyChiTieu/Info.plist;
				INFOPLIST_KEY_UIApplicationSupportsIndirectInputEvents = YES;
				INFOPLIST_KEY_UILaunchStoryboardName = LaunchScreen;
				INFOPLIST_KEY_UIMainStoryboardFile = Main;
				INFOPLIST_KEY_UISupportedInterfaceOrientations_iPad = "UIInterfaceOrientationPortrait UIInterfaceOrientationPortraitUpsideDown UIInterfaceOrientationLandscapeLeft UIInterfaceOrientationLandscapeRight";
				INFOPLIST_KEY_UISupportedInterfaceOrientations_iPhone = "UIInterfaceOrientationPortrait UIInterfaceOrientationLandscapeLeft UIInterfaceOrientationLandscapeRight";
				LD_RUNPATH_SEARCH_PATHS = (
					"$(inherited)",
					"@executable_path/Frameworks",
				);
				MARKETING_VERSION = 1.0;
				PRODUCT_BUNDLE_IDENTIFIER = "tuan2k2mt-gmail.com.QuanLyChiTieu";
				PRODUCT_NAME = "$(TARGET_NAME)";
				SWIFT_EMIT_LOC_STRINGS = YES;
				SWIFT_VERSION = 5.0;
				TARGETED_DEVICE_FAMILY = "1,2";
			};
			name = Debug;
		};
		0E937FF92A812CDA0015DA19 /* Release */ = {
			isa = XCBuildConfiguration;
			baseConfigurationReference = 686F5363FA77E0A6E9E8307C /* Pods-QuanLyChiTieu.release.xcconfig */;
			buildSettings = {
				ASSETCATALOG_COMPILER_APPICON_NAME = AppIcon;
				ASSETCATALOG_COMPILER_GLOBAL_ACCENT_COLOR_NAME = AccentColor;
				CODE_SIGN_STYLE = Automatic;
				CURRENT_PROJECT_VERSION = 1;
				DEVELOPMENT_TEAM = P82L6D3NV5;
				GENERATE_INFOPLIST_FILE = YES;
				INFOPLIST_FILE = QuanLyChiTieu/Info.plist;
				INFOPLIST_KEY_UIApplicationSupportsIndirectInputEvents = YES;
				INFOPLIST_KEY_UILaunchStoryboardName = LaunchScreen;
				INFOPLIST_KEY_UIMainStoryboardFile = Main;
				INFOPLIST_KEY_UISupportedInterfaceOrientations_iPad = "UIInterfaceOrientationPortrait UIInterfaceOrientationPortraitUpsideDown UIInterfaceOrientationLandscapeLeft UIInterfaceOrientationLandscapeRight";
				INFOPLIST_KEY_UISupportedInterfaceOrientations_iPhone = "UIInterfaceOrientationPortrait UIInterfaceOrientationLandscapeLeft UIInterfaceOrientationLandscapeRight";
				LD_RUNPATH_SEARCH_PATHS = (
					"$(inherited)",
					"@executable_path/Frameworks",
				);
				MARKETING_VERSION = 1.0;
				PRODUCT_BUNDLE_IDENTIFIER = "tuan2k2mt-gmail.com.QuanLyChiTieu";
				PRODUCT_NAME = "$(TARGET_NAME)";
				SWIFT_EMIT_LOC_STRINGS = YES;
				SWIFT_VERSION = 5.0;
				TARGETED_DEVICE_FAMILY = "1,2";
			};
			name = Release;
		};
/* End XCBuildConfiguration section */

/* Begin XCConfigurationList section */
		0E937FDE2A812CD90015DA19 /* Build configuration list for PBXProject "QuanLyChiTieu" */ = {
			isa = XCConfigurationList;
			buildConfigurations = (
				0E937FF52A812CDA0015DA19 /* Debug */,
				0E937FF62A812CDA0015DA19 /* Release */,
			);
			defaultConfigurationIsVisible = 0;
			defaultConfigurationName = Release;
		};
		0E937FF72A812CDA0015DA19 /* Build configuration list for PBXNativeTarget "QuanLyChiTieu" */ = {
			isa = XCConfigurationList;
			buildConfigurations = (
				0E937FF82A812CDA0015DA19 /* Debug */,
				0E937FF92A812CDA0015DA19 /* Release */,
			);
			defaultConfigurationIsVisible = 0;
			defaultConfigurationName = Release;
		};
/* End XCConfigurationList section */
	};
	rootObject = 0E937FDB2A812CD90015DA19 /* Project object */;
}
